// !$*UTF8*$!
{
	archiveVersion = 1;
	classes = {
	};
	objectVersion = 56;
	objects = {

/* Begin PBXBuildFile section */
		96593E7929DA12B400B8A552 /* UserStudiesApp.swift in Sources */ = {isa = PBXBuildFile; fileRef = 96593E7829DA12B400B8A552 /* UserStudiesApp.swift */; };
		96593E7B29DA12B400B8A552 /* ContentView.swift in Sources */ = {isa = PBXBuildFile; fileRef = 96593E7A29DA12B400B8A552 /* ContentView.swift */; };
		96593E7D29DA12B400B8A552 /* Assets.xcassets in Resources */ = {isa = PBXBuildFile; fileRef = 96593E7C29DA12B400B8A552 /* Assets.xcassets */; };
		96593E8129DA12B400B8A552 /* Preview Assets.xcassets in Resources */ = {isa = PBXBuildFile; fileRef = 96593E8029DA12B400B8A552 /* Preview Assets.xcassets */; };
		96593E8B29DA12B500B8A552 /* UserStudiesTests.swift in Sources */ = {isa = PBXBuildFile; fileRef = 96593E8A29DA12B500B8A552 /* UserStudiesTests.swift */; };
		96593E9529DA12B500B8A552 /* UserStudiesUITests.swift in Sources */ = {isa = PBXBuildFile; fileRef = 96593E9429DA12B500B8A552 /* UserStudiesUITests.swift */; };
		96593E9729DA12B500B8A552 /* UserStudiesUITestsLaunchTests.swift in Sources */ = {isa = PBXBuildFile; fileRef = 96593E9629DA12B500B8A552 /* UserStudiesUITestsLaunchTests.swift */; };
/* End PBXBuildFile section */

/* Begin PBXContainerItemProxy section */
		96593E8729DA12B500B8A552 /* PBXContainerItemProxy */ = {
			isa = PBXContainerItemProxy;
			containerPortal = 96593E6D29DA12B400B8A552 /* Project object */;
			proxyType = 1;
			remoteGlobalIDString = 96593E7429DA12B400B8A552;
			remoteInfo = UserStudies;
		};
		96593E9129DA12B500B8A552 /* PBXContainerItemProxy */ = {
			isa = PBXContainerItemProxy;
			containerPortal = 96593E6D29DA12B400B8A552 /* Project object */;
			proxyType = 1;
			remoteGlobalIDString = 96593E7429DA12B400B8A552;
			remoteInfo = UserStudies;
		};
/* End PBXContainerItemProxy section */

/* Begin PBXFileReference section */
		96593E7529DA12B400B8A552 /* UserStudies.app */ = {isa = PBXFileReference; explicitFileType = wrapper.application; includeInIndex = 0; path = UserStudies.app; sourceTree = BUILT_PRODUCTS_DIR; };
		96593E7829DA12B400B8A552 /* UserStudiesApp.swift */ = {isa = PBXFileReference; lastKnownFileType = sourcecode.swift; path = UserStudiesApp.swift; sourceTree = "<group>"; };
		96593E7A29DA12B400B8A552 /* ContentView.swift */ = {isa = PBXFileReference; lastKnownFileType = sourcecode.swift; path = ContentView.swift; sourceTree = "<group>"; };
		96593E7C29DA12B400B8A552 /* Assets.xcassets */ = {isa = PBXFileReference; lastKnownFileType = folder.assetcatalog; path = Assets.xcassets; sourceTree = "<group>"; };
		96593E7E29DA12B400B8A552 /* UserStudies.entitlements */ = {isa = PBXFileReference; lastKnownFileType = text.plist.entitlements; path = UserStudies.entitlements; sourceTree = "<group>"; };
		96593E8029DA12B400B8A552 /* Preview Assets.xcassets */ = {isa = PBXFileReference; lastKnownFileType = folder.assetcatalog; path = "Preview Assets.xcassets"; sourceTree = "<group>"; };
		96593E8629DA12B500B8A552 /* UserStudiesTests.xctest */ = {isa = PBXFileReference; explicitFileType = wrapper.cfbundle; includeInIndex = 0; path = UserStudiesTests.xctest; sourceTree = BUILT_PRODUCTS_DIR; };
		96593E8A29DA12B500B8A552 /* UserStudiesTests.swift */ = {isa = PBXFileReference; lastKnownFileType = sourcecode.swift; path = UserStudiesTests.swift; sourceTree = "<group>"; };
		96593E9029DA12B500B8A552 /* UserStudiesUITests.xctest */ = {isa = PBXFileReference; explicitFileType = wrapper.cfbundle; includeInIndex = 0; path = UserStudiesUITests.xctest; sourceTree = BUILT_PRODUCTS_DIR; };
		96593E9429DA12B500B8A552 /* UserStudiesUITests.swift */ = {isa = PBXFileReference; lastKnownFileType = sourcecode.swift; path = UserStudiesUITests.swift; sourceTree = "<group>"; };
		96593E9629DA12B500B8A552 /* UserStudiesUITestsLaunchTests.swift */ = {isa = PBXFileReference; lastKnownFileType = sourcecode.swift; path = UserStudiesUITestsLaunchTests.swift; sourceTree = "<group>"; };
/* End PBXFileReference section */

/* Begin PBXFrameworksBuildPhase section */
		96593E7229DA12B400B8A552 /* Frameworks */ = {
			isa = PBXFrameworksBuildPhase;
			buildActionMask = 2147483647;
			files = (
			);
			runOnlyForDeploymentPostprocessing = 0;
		};
		96593E8329DA12B500B8A552 /* Frameworks */ = {
			isa = PBXFrameworksBuildPhase;
			buildActionMask = 2147483647;
			files = (
			);
			runOnlyForDeploymentPostprocessing = 0;
		};
		96593E8D29DA12B500B8A552 /* Frameworks */ = {
			isa = PBXFrameworksBuildPhase;
			buildActionMask = 2147483647;
			files = (
			);
			runOnlyForDeploymentPostprocessing = 0;
		};
/* End PBXFrameworksBuildPhase section */

/* Begin PBXGroup section */
		96593E6C29DA12B400B8A552 = {
			isa = PBXGroup;
			children = (
				96593E7729DA12B400B8A552 /* UserStudies */,
				96593E8929DA12B500B8A552 /* UserStudiesTests */,
				96593E9329DA12B500B8A552 /* UserStudiesUITests */,
				96593E7629DA12B400B8A552 /* Products */,
			);
			sourceTree = "<group>";
		};
		96593E7629DA12B400B8A552 /* Products */ = {
			isa = PBXGroup;
			children = (
				96593E7529DA12B400B8A552 /* UserStudies.app */,
				96593E8629DA12B500B8A552 /* UserStudiesTests.xctest */,
				96593E9029DA12B500B8A552 /* UserStudiesUITests.xctest */,
			);
			name = Products;
			sourceTree = "<group>";
		};
		96593E7729DA12B400B8A552 /* UserStudies */ = {
			isa = PBXGroup;
			children = (
				96593E7829DA12B400B8A552 /* UserStudiesApp.swift */,
				96593E7A29DA12B400B8A552 /* ContentView.swift */,
				96593E7C29DA12B400B8A552 /* Assets.xcassets */,
				96593E7E29DA12B400B8A552 /* UserStudies.entitlements */,
				96593E7F29DA12B400B8A552 /* Preview Content */,
			);
			path = UserStudies;
			sourceTree = "<group>";
		};
		96593E7F29DA12B400B8A552 /* Preview Content */ = {
			isa = PBXGroup;
			children = (
				96593E8029DA12B400B8A552 /* Preview Assets.xcassets */,
			);
			path = "Preview Content";
			sourceTree = "<group>";
		};
		96593E8929DA12B500B8A552 /* UserStudiesTests */ = {
			isa = PBXGroup;
			children = (
				96593E8A29DA12B500B8A552 /* UserStudiesTests.swift */,
			);
			path = UserStudiesTests;
			sourceTree = "<group>";
		};
		96593E9329DA12B500B8A552 /* UserStudiesUITests */ = {
			isa = PBXGroup;
			children = (
				96593E9429DA12B500B8A552 /* UserStudiesUITests.swift */,
				96593E9629DA12B500B8A552 /* UserStudiesUITestsLaunchTests.swift */,
			);
			path = UserStudiesUITests;
			sourceTree = "<group>";
		};
/* End PBXGroup section */

/* Begin PBXNativeTarget section */
		96593E7429DA12B400B8A552 /* UserStudies */ = {
			isa = PBXNativeTarget;
			buildConfigurationList = 96593E9A29DA12B500B8A552 /* Build configuration list for PBXNativeTarget "UserStudies" */;
			buildPhases = (
				96593E7129DA12B400B8A552 /* Sources */,
				96593E7229DA12B400B8A552 /* Frameworks */,
				96593E7329DA12B400B8A552 /* Resources */,
			);
			buildRules = (
			);
			dependencies = (
			);
			name = UserStudies;
			productName = UserStudies;
			productReference = 96593E7529DA12B400B8A552 /* UserStudies.app */;
			productType = "com.apple.product-type.application";
		};
		96593E8529DA12B500B8A552 /* UserStudiesTests */ = {
			isa = PBXNativeTarget;
			buildConfigurationList = 96593E9D29DA12B500B8A552 /* Build configuration list for PBXNativeTarget "UserStudiesTests" */;
			buildPhases = (
				96593E8229DA12B500B8A552 /* Sources */,
				96593E8329DA12B500B8A552 /* Frameworks */,
				96593E8429DA12B500B8A552 /* Resources */,
			);
			buildRules = (
			);
			dependencies = (
				96593E8829DA12B500B8A552 /* PBXTargetDependency */,
			);
			name = UserStudiesTests;
			productName = UserStudiesTests;
			productReference = 96593E8629DA12B500B8A552 /* UserStudiesTests.xctest */;
			productType = "com.apple.product-type.bundle.unit-test";
		};
		96593E8F29DA12B500B8A552 /* UserStudiesUITests */ = {
			isa = PBXNativeTarget;
			buildConfigurationList = 96593EA029DA12B500B8A552 /* Build configuration list for PBXNativeTarget "UserStudiesUITests" */;
			buildPhases = (
				96593E8C29DA12B500B8A552 /* Sources */,
				96593E8D29DA12B500B8A552 /* Frameworks */,
				96593E8E29DA12B500B8A552 /* Resources */,
			);
			buildRules = (
			);
			dependencies = (
				96593E9229DA12B500B8A552 /* PBXTargetDependency */,
			);
			name = UserStudiesUITests;
			productName = UserStudiesUITests;
			productReference = 96593E9029DA12B500B8A552 /* UserStudiesUITests.xctest */;
			productType = "com.apple.product-type.bundle.ui-testing";
		};
/* End PBXNativeTarget section */

/* Begin PBXProject section */
		96593E6D29DA12B400B8A552 /* Project object */ = {
			isa = PBXProject;
			attributes = {
				BuildIndependentTargetsInParallel = 1;
				LastSwiftUpdateCheck = 1420;
				LastUpgradeCheck = 1420;
				TargetAttributes = {
					96593E7429DA12B400B8A552 = {
						CreatedOnToolsVersion = 14.2;
					};
					96593E8529DA12B500B8A552 = {
						CreatedOnToolsVersion = 14.2;
						TestTargetID = 96593E7429DA12B400B8A552;
					};
					96593E8F29DA12B500B8A552 = {
						CreatedOnToolsVersion = 14.2;
						TestTargetID = 96593E7429DA12B400B8A552;
					};
				};
			};
			buildConfigurationList = 96593E7029DA12B400B8A552 /* Build configuration list for PBXProject "UserStudies" */;
			compatibilityVersion = "Xcode 14.0";
			developmentRegion = en;
			hasScannedForEncodings = 0;
			knownRegions = (
				en,
				Base,
			);
			mainGroup = 96593E6C29DA12B400B8A552;
			productRefGroup = 96593E7629DA12B400B8A552 /* Products */;
			projectDirPath = "";
			projectRoot = "";
			targets = (
				96593E7429DA12B400B8A552 /* UserStudies */,
				96593E8529DA12B500B8A552 /* UserStudiesTests */,
				96593E8F29DA12B500B8A552 /* UserStudiesUITests */,
			);
		};
/* End PBXProject section */

/* Begin PBXResourcesBuildPhase section */
		96593E7329DA12B400B8A552 /* Resources */ = {
			isa = PBXResourcesBuildPhase;
			buildActionMask = 2147483647;
			files = (
				96593E8129DA12B400B8A552 /* Preview Assets.xcassets in Resources */,
				96593E7D29DA12B400B8A552 /* Assets.xcassets in Resources */,
			);
			runOnlyForDeploymentPostprocessing = 0;
		};
		96593E8429DA12B500B8A552 /* Resources */ = {
			isa = PBXResourcesBuildPhase;
			buildActionMask = 2147483647;
			files = (
			);
			runOnlyForDeploymentPostprocessing = 0;
		};
		96593E8E29DA12B500B8A552 /* Resources */ = {
			isa = PBXResourcesBuildPhase;
			buildActionMask = 2147483647;
			files = (
			);
			runOnlyForDeploymentPostprocessing = 0;
		};
/* End PBXResourcesBuildPhase section */

/* Begin PBXSourcesBuildPhase section */
		96593E7129DA12B400B8A552 /* Sources */ = {
			isa = PBXSourcesBuildPhase;
			buildActionMask = 2147483647;
			files = (
				96593E7B29DA12B400B8A552 /* ContentView.swift in Sources */,
				96593E7929DA12B400B8A552 /* UserStudiesApp.swift in Sources */,
			);
			runOnlyForDeploymentPostprocessing = 0;
		};
		96593E8229DA12B500B8A552 /* Sources */ = {
			isa = PBXSourcesBuildPhase;
			buildActionMask = 2147483647;
			files = (
				96593E8B29DA12B500B8A552 /* UserStudiesTests.swift in Sources */,
			);
			runOnlyForDeploymentPostprocessing = 0;
		};
		96593E8C29DA12B500B8A552 /* Sources */ = {
			isa = PBXSourcesBuildPhase;
			buildActionMask = 2147483647;
			files = (
				96593E9529DA12B500B8A552 /* UserStudiesUITests.swift in Sources */,
				96593E9729DA12B500B8A552 /* UserStudiesUITestsLaunchTests.swift in Sources */,
			);
			runOnlyForDeploymentPostprocessing = 0;
		};
/* End PBXSourcesBuildPhase section */

/* Begin PBXTargetDependency section */
		96593E8829DA12B500B8A552 /* PBXTargetDependency */ = {
			isa = PBXTargetDependency;
			target = 96593E7429DA12B400B8A552 /* UserStudies */;
			targetProxy = 96593E8729DA12B500B8A552 /* PBXContainerItemProxy */;
		};
		96593E9229DA12B500B8A552 /* PBXTargetDependency */ = {
			isa = PBXTargetDependency;
			target = 96593E7429DA12B400B8A552 /* UserStudies */;
			targetProxy = 96593E9129DA12B500B8A552 /* PBXContainerItemProxy */;
		};
/* End PBXTargetDependency section */

/* Begin XCBuildConfiguration section */
		96593E9829DA12B500B8A552 /* Debug */ = {
			isa = XCBuildConfiguration;
			buildSettings = {
				ALWAYS_SEARCH_USER_PATHS = NO;
				CLANG_ANALYZER_NONNULL = YES;
				CLANG_ANALYZER_NUMBER_OBJECT_CONVERSION = YES_AGGRESSIVE;
				CLANG_CXX_LANGUAGE_STANDARD = "gnu++20";
				CLANG_ENABLE_MODULES = YES;
				CLANG_ENABLE_OBJC_ARC = YES;
				CLANG_ENABLE_OBJC_WEAK = YES;
				CLANG_WARN_BLOCK_CAPTURE_AUTORELEASING = YES;
				CLANG_WARN_BOOL_CONVERSION = YES;
				CLANG_WARN_COMMA = YES;
				CLANG_WARN_CONSTANT_CONVERSION = YES;
				CLANG_WARN_DEPRECATED_OBJC_IMPLEMENTATIONS = YES;
				CLANG_WARN_DIRECT_OBJC_ISA_USAGE = YES_ERROR;
				CLANG_WARN_DOCUMENTATION_COMMENTS = YES;
				CLANG_WARN_EMPTY_BODY = YES;
				CLANG_WARN_ENUM_CONVERSION = YES;
				CLANG_WARN_INFINITE_RECURSION = YES;
				CLANG_WARN_INT_CONVERSION = YES;
				CLANG_WARN_NON_LITERAL_NULL_CONVERSION = YES;
				CLANG_WARN_OBJC_IMPLICIT_RETAIN_SELF = YES;
				CLANG_WARN_OBJC_LITERAL_CONVERSION = YES;
				CLANG_WARN_OBJC_ROOT_CLASS = YES_ERROR;
				CLANG_WARN_QUOTED_INCLUDE_IN_FRAMEWORK_HEADER = YES;
				CLANG_WARN_RANGE_LOOP_ANALYSIS = YES;
				CLANG_WARN_STRICT_PROTOTYPES = YES;
				CLANG_WARN_SUSPICIOUS_MOVE = YES;
				CLANG_WARN_UNGUARDED_AVAILABILITY = YES_AGGRESSIVE;
				CLANG_WARN_UNREACHABLE_CODE = YES;
				CLANG_WARN__DUPLICATE_METHOD_MATCH = YES;
				COPY_PHASE_STRIP = NO;
				DEBUG_INFORMATION_FORMAT = dwarf;
				ENABLE_STRICT_OBJC_MSGSEND = YES;
				ENABLE_TESTABILITY = YES;
				GCC_C_LANGUAGE_STANDARD = gnu11;
				GCC_DYNAMIC_NO_PIC = NO;
				GCC_NO_COMMON_BLOCKS = YES;
				GCC_OPTIMIZATION_LEVEL = 0;
				GCC_PREPROCESSOR_DEFINITIONS = (
					"DEBUG=1",
					"$(inherited)",
				);
				GCC_WARN_64_TO_32_BIT_CONVERSION = YES;
				GCC_WARN_ABOUT_RETURN_TYPE = YES_ERROR;
				GCC_WARN_UNDECLARED_SELECTOR = YES;
				GCC_WARN_UNINITIALIZED_AUTOS = YES_AGGRESSIVE;
				GCC_WARN_UNUSED_FUNCTION = YES;
				GCC_WARN_UNUSED_VARIABLE = YES;
				MTL_ENABLE_DEBUG_INFO = INCLUDE_SOURCE;
				MTL_FAST_MATH = YES;
				ONLY_ACTIVE_ARCH = YES;
				SWIFT_ACTIVE_COMPILATION_CONDITIONS = DEBUG;
				SWIFT_OPTIMIZATION_LEVEL = "-Onone";
			};
			name = Debug;
		};
		96593E9929DA12B500B8A552 /* Release */ = {
			isa = XCBuildConfiguration;
			buildSettings = {
				ALWAYS_SEARCH_USER_PATHS = NO;
				CLANG_ANALYZER_NONNULL = YES;
				CLANG_ANALYZER_NUMBER_OBJECT_CONVERSION = YES_AGGRESSIVE;
				CLANG_CXX_LANGUAGE_STANDARD = "gnu++20";
				CLANG_ENABLE_MODULES = YES;
				CLANG_ENABLE_OBJC_ARC = YES;
				CLANG_ENABLE_OBJC_WEAK = YES;
				CLANG_WARN_BLOCK_CAPTURE_AUTORELEASING = YES;
				CLANG_WARN_BOOL_CONVERSION = YES;
				CLANG_WARN_COMMA = YES;
				CLANG_WARN_CONSTANT_CONVERSION = YES;
				CLANG_WARN_DEPRECATED_OBJC_IMPLEMENTATIONS = YES;
				CLANG_WARN_DIRECT_OBJC_ISA_USAGE = YES_ERROR;
				CLANG_WARN_DOCUMENTATION_COMMENTS = YES;
				CLANG_WARN_EMPTY_BODY = YES;
				CLANG_WARN_ENUM_CONVERSION = YES;
				CLANG_WARN_INFINITE_RECURSION = YES;
				CLANG_WARN_INT_CONVERSION = YES;
				CLANG_WARN_NON_LITERAL_NULL_CONVERSION = YES;
				CLANG_WARN_OBJC_IMPLICIT_RETAIN_SELF = YES;
				CLANG_WARN_OBJC_LITERAL_CONVERSION = YES;
				CLANG_WARN_OBJC_ROOT_CLASS = YES_ERROR;
				CLANG_WARN_QUOTED_INCLUDE_IN_FRAMEWORK_HEADER = YES;
				CLANG_WARN_RANGE_LOOP_ANALYSIS = YES;
				CLANG_WARN_STRICT_PROTOTYPES = YES;
				CLANG_WARN_SUSPICIOUS_MOVE = YES;
				CLANG_WARN_UNGUARDED_AVAILABILITY = YES_AGGRESSIVE;
				CLANG_WARN_UNREACHABLE_CODE = YES;
				CLANG_WARN__DUPLICATE_METHOD_MATCH = YES;
				COPY_PHASE_STRIP = NO;
				DEBUG_INFORMATION_FORMAT = "dwarf-with-dsym";
				ENABLE_NS_ASSERTIONS = NO;
				ENABLE_STRICT_OBJC_MSGSEND = YES;
				GCC_C_LANGUAGE_STANDARD = gnu11;
				GCC_NO_COMMON_BLOCKS = YES;
				GCC_WARN_64_TO_32_BIT_CONVERSION = YES;
				GCC_WARN_ABOUT_RETURN_TYPE = YES_ERROR;
				GCC_WARN_UNDECLARED_SELECTOR = YES;
				GCC_WARN_UNINITIALIZED_AUTOS = YES_AGGRESSIVE;
				GCC_WARN_UNUSED_FUNCTION = YES;
				GCC_WARN_UNUSED_VARIABLE = YES;
				MTL_ENABLE_DEBUG_INFO = NO;
				MTL_FAST_MATH = YES;
				SWIFT_COMPILATION_MODE = wholemodule;
				SWIFT_OPTIMIZATION_LEVEL = "-O";
			};
			name = Release;
		};
		96593E9B29DA12B500B8A552 /* Debug */ = {
			isa = XCBuildConfiguration;
			buildSettings = {
				ASSETCATALOG_COMPILER_APPICON_NAME = AppIcon;
				ASSETCATALOG_COMPILER_GLOBAL_ACCENT_COLOR_NAME = AccentColor;
				CODE_SIGN_ENTITLEMENTS = UserStudies/UserStudies.entitlements;
				CODE_SIGN_STYLE = Automatic;
				CURRENT_PROJECT_VERSION = 1;
				DEVELOPMENT_ASSET_PATHS = "\"UserStudies/Preview Content\"";
				DEVELOPMENT_TEAM = UGUJ963Q96;
				ENABLE_HARDENED_RUNTIME = YES;
				ENABLE_PREVIEWS = YES;
				GENERATE_INFOPLIST_FILE = YES;
				"INFOPLIST_KEY_UIApplicationSceneManifest_Generation[sdk=iphoneos*]" = YES;
				"INFOPLIST_KEY_UIApplicationSceneManifest_Generation[sdk=iphonesimulator*]" = YES;
				"INFOPLIST_KEY_UIApplicationSupportsIndirectInputEvents[sdk=iphoneos*]" = YES;
				"INFOPLIST_KEY_UIApplicationSupportsIndirectInputEvents[sdk=iphonesimulator*]" = YES;
				"INFOPLIST_KEY_UILaunchScreen_Generation[sdk=iphoneos*]" = YES;
				"INFOPLIST_KEY_UILaunchScreen_Generation[sdk=iphonesimulator*]" = YES;
				"INFOPLIST_KEY_UIStatusBarStyle[sdk=iphoneos*]" = UIStatusBarStyleDefault;
				"INFOPLIST_KEY_UIStatusBarStyle[sdk=iphonesimulator*]" = UIStatusBarStyleDefault;
				INFOPLIST_KEY_UISupportedInterfaceOrientations_iPad = "UIInterfaceOrientationPortrait UIInterfaceOrientationPortraitUpsideDown UIInterfaceOrientationLandscapeLeft UIInterfaceOrientationLandscapeRight";
				INFOPLIST_KEY_UISupportedInterfaceOrientations_iPhone = "UIInterfaceOrientationPortrait UIInterfaceOrientationLandscapeLeft UIInterfaceOrientationLandscapeRight";
				IPHONEOS_DEPLOYMENT_TARGET = 16.2;
				LD_RUNPATH_SEARCH_PATHS = "@executable_path/Frameworks";
				"LD_RUNPATH_SEARCH_PATHS[sdk=macosx*]" = "@executable_path/../Frameworks";
				MACOSX_DEPLOYMENT_TARGET = 12.5;
				MARKETING_VERSION = 1.0;
				PRODUCT_BUNDLE_IDENTIFIER = Research.UserStudies;
				PRODUCT_NAME = "$(TARGET_NAME)";
				SDKROOT = auto;
				SUPPORTED_PLATFORMS = "iphoneos iphonesimulator macosx";
				SWIFT_EMIT_LOC_STRINGS = YES;
				SWIFT_VERSION = 5.0;
				TARGETED_DEVICE_FAMILY = "1,2";
			};
			name = Debug;
		};
		96593E9C29DA12B500B8A552 /* Release */ = {
			isa = XCBuildConfiguration;
			buildSettings = {
				ASSETCATALOG_COMPILER_APPICON_NAME = AppIcon;
				ASSETCATALOG_COMPILER_GLOBAL_ACCENT_COLOR_NAME = AccentColor;
				CODE_SIGN_ENTITLEMENTS = UserStudies/UserStudies.entitlements;
				CODE_SIGN_STYLE = Automatic;
				CURRENT_PROJECT_VERSION = 1;
				DEVELOPMENT_ASSET_PATHS = "\"UserStudies/Preview Content\"";
				DEVELOPMENT_TEAM = UGUJ963Q96;
				ENABLE_HARDENED_RUNTIME = YES;
				ENABLE_PREVIEWS = YES;
				GENERATE_INFOPLIST_FILE = YES;
				"INFOPLIST_KEY_UIApplicationSceneManifest_Generation[sdk=iphoneos*]" = YES;
				"INFOPLIST_KEY_UIApplicationSceneManifest_Generation[sdk=iphonesimulator*]" = YES;
				"INFOPLIST_KEY_UIApplicationSupportsIndirectInputEvents[sdk=iphoneos*]" = YES;
				"INFOPLIST_KEY_UIApplicationSupportsIndirectInputEvents[sdk=iphonesimulator*]" = YES;
				"INFOPLIST_KEY_UILaunchScreen_Generation[sdk=iphoneos*]" = YES;
				"INFOPLIST_KEY_UILaunchScreen_Generation[sdk=iphonesimulator*]" = YES;
				"INFOPLIST_KEY_UIStatusBarStyle[sdk=iphoneos*]" = UIStatusBarStyleDefault;
				"INFOPLIST_KEY_UIStatusBarStyle[sdk=iphonesimulator*]" = UIStatusBarStyleDefault;
				INFOPLIST_KEY_UISupportedInterfaceOrientations_iPad = "UIInterfaceOrientationPortrait UIInterfaceOrientationPortraitUpsideDown UIInterfaceOrientationLandscapeLeft UIInterfaceOrientationLandscapeRight";
				INFOPLIST_KEY_UISupportedInterfaceOrientations_iPhone = "UIInterfaceOrientationPortrait UIInterfaceOrientationLandscapeLeft UIInterfaceOrientationLandscapeRight";
				IPHONEOS_DEPLOYMENT_TARGET = 16.2;
				LD_RUNPATH_SEARCH_PATHS = "@executable_path/Frameworks";
				"LD_RUNPATH_SEARCH_PATHS[sdk=macosx*]" = "@executable_path/../Frameworks";
				MACOSX_DEPLOYMENT_TARGET = 12.5;
				MARKETING_VERSION = 1.0;
				PRODUCT_BUNDLE_IDENTIFIER = Research.UserStudies;
				PRODUCT_NAME = "$(TARGET_NAME)";
				SDKROOT = auto;
				SUPPORTED_PLATFORMS = "iphoneos iphonesimulator macosx";
				SWIFT_EMIT_LOC_STRINGS = YES;
				SWIFT_VERSION = 5.0;
				TARGETED_DEVICE_FAMILY = "1,2";
			};
			name = Release;
		};
		96593E9E29DA12B500B8A552 /* Debug */ = {
			isa = XCBuildConfiguration;
			buildSettings = {
				ALWAYS_EMBED_SWIFT_STANDARD_LIBRARIES = YES;
				BUNDLE_LOADER = "$(TEST_HOST)";
				CODE_SIGN_STYLE = Automatic;
				CURRENT_PROJECT_VERSION = 1;
				DEVELOPMENT_TEAM = UGUJ963Q96;
				GENERATE_INFOPLIST_FILE = YES;
				IPHONEOS_DEPLOYMENT_TARGET = 16.2;
				MACOSX_DEPLOYMENT_TARGET = 12.5;
				MARKETING_VERSION = 1.0;
				PRODUCT_BUNDLE_IDENTIFIER = Research.UserStudiesTests;
				PRODUCT_NAME = "$(TARGET_NAME)";
				SDKROOT = auto;
				SUPPORTED_PLATFORMS = "iphoneos iphonesimulator macosx";
				SWIFT_EMIT_LOC_STRINGS = NO;
				SWIFT_VERSION = 5.0;
				TARGETED_DEVICE_FAMILY = "1,2";
				TEST_HOST = "$(BUILT_PRODUCTS_DIR)/UserStudies.app/$(BUNDLE_EXECUTABLE_FOLDER_PATH)/UserStudies";
			};
			name = Debug;
		};
		96593E9F29DA12B500B8A552 /* Release */ = {
			isa = XCBuildConfiguration;
			buildSettings = {
				ALWAYS_EMBED_SWIFT_STANDARD_LIBRARIES = YES;
				BUNDLE_LOADER = "$(TEST_HOST)";
				CODE_SIGN_STYLE = Automatic;
				CURRENT_PROJECT_VERSION = 1;
				DEVELOPMENT_TEAM = UGUJ963Q96;
				GENERATE_INFOPLIST_FILE = YES;
				IPHONEOS_DEPLOYMENT_TARGET = 16.2;
				MACOSX_DEPLOYMENT_TARGET = 12.5;
				MARKETING_VERSION = 1.0;
				PRODUCT_BUNDLE_IDENTIFIER = Research.UserStudiesTests;
				PRODUCT_NAME = "$(TARGET_NAME)";
				SDKROOT = auto;
				SUPPORTED_PLATFORMS = "iphoneos iphonesimulator macosx";
				SWIFT_EMIT_LOC_STRINGS = NO;
				SWIFT_VERSION = 5.0;
				TARGETED_DEVICE_FAMILY = "1,2";
				TEST_HOST = "$(BUILT_PRODUCTS_DIR)/UserStudies.app/$(BUNDLE_EXECUTABLE_FOLDER_PATH)/UserStudies";
			};
			name = Release;
		};
		96593EA129DA12B500B8A552 /* Debug */ = {
			isa = XCBuildConfiguration;
			buildSettings = {
				ALWAYS_EMBED_SWIFT_STANDARD_LIBRARIES = YES;
				CODE_SIGN_STYLE = Automatic;
				CURRENT_PROJECT_VERSION = 1;
				DEVELOPMENT_TEAM = UGUJ963Q96;
				GENERATE_INFOPLIST_FILE = YES;
				IPHONEOS_DEPLOYMENT_TARGET = 16.2;
				MACOSX_DEPLOYMENT_TARGET = 12.5;
				MARKETING_VERSION = 1.0;
				PRODUCT_BUNDLE_IDENTIFIER = Research.UserStudiesUITests;
				PRODUCT_NAME = "$(TARGET_NAME)";
				SDKROOT = auto;
				SUPPORTED_PLATFORMS = "iphoneos iphonesimulator macosx";
				SWIFT_EMIT_LOC_STRINGS = NO;
				SWIFT_VERSION = 5.0;
				TARGETED_DEVICE_FAMILY = "1,2";
				TEST_TARGET_NAME = UserStudies;
			};
			name = Debug;
		};
		96593EA229DA12B500B8A552 /* Release */ = {
			isa = XCBuildConfiguration;
			buildSettings = {
				ALWAYS_EMBED_SWIFT_STANDARD_LIBRARIES = YES;
				CODE_SIGN_STYLE = Automatic;
				CURRENT_PROJECT_VERSION = 1;
				DEVELOPMENT_TEAM = UGUJ963Q96;
				GENERATE_INFOPLIST_FILE = YES;
				IPHONEOS_DEPLOYMENT_TARGET = 16.2;
				MACOSX_DEPLOYMENT_TARGET = 12.5;
				MARKETING_VERSION = 1.0;
				PRODUCT_BUNDLE_IDENTIFIER = Research.UserStudiesUITests;
				PRODUCT_NAME = "$(TARGET_NAME)";
				SDKROOT = auto;
				SUPPORTED_PLATFORMS = "iphoneos iphonesimulator macosx";
				SWIFT_EMIT_LOC_STRINGS = NO;
				SWIFT_VERSION = 5.0;
				TARGETED_DEVICE_FAMILY = "1,2";
				TEST_TARGET_NAME = UserStudies;
			};
			name = Release;
		};
/* End XCBuildConfiguration section */

/* Begin XCConfigurationList section */
		96593E7029DA12B400B8A552 /* Build configuration list for PBXProject "UserStudies" */ = {
			isa = XCConfigurationList;
			buildConfigurations = (
				96593E9829DA12B500B8A552 /* Debug */,
				96593E9929DA12B500B8A552 /* Release */,
			);
			defaultConfigurationIsVisible = 0;
			defaultConfigurationName = Release;
		};
		96593E9A29DA12B500B8A552 /* Build configuration list for PBXNativeTarget "UserStudies" */ = {
			isa = XCConfigurationList;
			buildConfigurations = (
				96593E9B29DA12B500B8A552 /* Debug */,
				96593E9C29DA12B500B8A552 /* Release */,
			);
			defaultConfigurationIsVisible = 0;
			defaultConfigurationName = Release;
		};
		96593E9D29DA12B500B8A552 /* Build configuration list for PBXNativeTarget "UserStudiesTests" */ = {
			isa = XCConfigurationList;
			buildConfigurations = (
				96593E9E29DA12B500B8A552 /* Debug */,
				96593E9F29DA12B500B8A552 /* Release */,
			);
			defaultConfigurationIsVisible = 0;
			defaultConfigurationName = Release;
		};
		96593EA029DA12B500B8A552 /* Build configuration list for PBXNativeTarget "UserStudiesUITests" */ = {
			isa = XCConfigurationList;
			buildConfigurations = (
				96593EA129DA12B500B8A552 /* Debug */,
				96593EA229DA12B500B8A552 /* Release */,
			);
			defaultConfigurationIsVisible = 0;
			defaultConfigurationName = Release;
		};
/* End XCConfigurationList section */
	};
	rootObject = 96593E6D29DA12B400B8A552 /* Project object */;
}
